{
  "name": "setup-npm-trusted-publish",
  "version": "1.0.1",
  "lockfileVersion": 3,
  "requires": true,
  "packages": {
    "": {
      "name": "setup-npm-trusted-publish",
      "version": "1.0.1",
      "license": "MIT",
      "bin": {
        "setup-npm-trusted-publish": "bin/cli.js"
      },
      "engines": {
        "node": ">=20.0.0"
      }
    }
  }
}
